<?xml version="1.0" encoding="utf-8"?>
<Project ToolsVersion="4.0" xmlns="http://schemas.microsoft.com/developer/msbuild/2003">
  <ItemGroup>
    <Filter Include="Source Files">
      <UniqueIdentifier>{b36cf789-f6f8-4dec-9062-b866168a44b9}</UniqueIdentifier>
      <Extensions>cpp;c;cxx;rc;def;r;odl;idl;hpj;bat</Extensions>
    </Filter>
    <Filter Include="Header Files">
      <UniqueIdentifier>{e6224098-a5be-487d-8a1f-5ac77387f86a}</UniqueIdentifier>
      <Extensions>h;hpp;hxx;hm;inl</Extensions>
    </Filter>
    <Filter Include="Resource Files">
      <UniqueIdentifier>{81d76d2a-2cf1-46b5-b6cf-fa2145904634}</UniqueIdentifier>
      <Extensions>ico;cur;bmp;dlg;rc2;rct;bin;rgs;gif;jpg;jpeg;jpe</Extensions>
    </Filter>
  </ItemGroup>
  <ItemGroup>
    <ClCompile Include="bitmaptool.cpp">
      <Filter>Source Files</Filter>
    </ClCompile>
    <ClCompile Include="filereport.cpp">
      <Filter>Source Files</Filter>
    </ClCompile>
    <ClCompile Include="gamemap.cpp">
      <Filter>Source Files</Filter>
    </ClCompile>
    <ClCompile Include="mario01.cpp">
      <Filter>Source Files</Filter>
    </ClCompile>
    <ClCompile Include="StdAfx.cpp">
      <Filter>Source Files</Filter>
    </ClCompile>
    <ClCompile Include="texttool.cpp">
      <Filter>Source Files</Filter>
    </ClCompile>
  </ItemGroup>
  <ItemGroup>
    <ResourceCompile Include="mario01.rc">
      <Filter>Source Files</Filter>
    </ResourceCompile>
  </ItemGroup>
  <ItemGroup>
    <ClInclude Include="bitmaptool.h">
      <Filter>Header Files</Filter>
    </ClInclude>
    <ClInclude Include="filereport.h">
      <Filter>Header Files</Filter>
    </ClInclude>
    <ClInclude Include="gamemap.h">
      <Filter>Header Files</Filter>
    </ClInclude>
    <ClInclude Include="mario01.h">
      <Filter>Header Files</Filter>
    </ClInclude>
    <ClInclude Include="myclock.h">
      <Filter>Header Files</Filter>
    </ClInclude>
    <ClInclude Include="resource.h">
      <Filter>Header Files</Filter>
    </ClInclude>
    <ClInclude Include="StdAfx.h">
      <Filter>Header Files</Filter>
    </ClInclude>
    <ClInclude Include="texttool.h">
      <Filter>Header Files</Filter>
    </ClInclude>
    <ClInclude Include="tool01.h">
      <Filter>Header Files</Filter>
    </ClInclude>
  </ItemGroup>
  <ItemGroup>
    <Image Include="pic\ani.bmp">
      <Filter>Resource Files</Filter>
    </Image>
    <Image Include="pic\animagic.bmp">
      <Filter>Resource Files</Filter>
    </Image>
    <Image Include="pic\map.bmp">
      <Filter>Resource Files</Filter>
    </Image>
    <Image Include="pic\mapbk.bmp">
      <Filter>Resource Files</Filter>
    </Image>
    <Image Include="pic\mapsky.bmp">
      <Filter>Resource Files</Filter>
    </Image>
    <Image Include="mario01.ico">
      <Filter>Resource Files</Filter>
    </Image>
    <Image Include="pic\pre1.bmp">
      <Filter>Resource Files</Filter>
    </Image>
    <Image Include="pic\role.bmp">
      <Filter>Resource Files</Filter>
    </Image>
    <Image Include="small.ico">
      <Filter>Resource Files</Filter>
    </Image>
  </ItemGroup>
  <ItemGroup>
    <Text Include="ReadMe.txt" />
  </ItemGroup>
</Project>